
Microsoft Visual Studio Solution File, Format Version 12.00
# Visual Studio Version 17
VisualStudioVersion = 17.1.32319.34
MinimumVisualStudioVersion = 10.0.40219.1
Project("{FAE04EC0-301F-11D3-BF4B-00C04F79EFBC}") = "Authentication", "Authentication.csproj", "{F49565C7-BF80-42BF-A39B-3EC73DC115EE}"
EndProject
Global
	GlobalSection(SolutionConfigurationPlatforms) = preSolution
		Debug|Any CPU = Debug|Any CPU
		Release|Any CPU = Release|Any CPU
	EndGlobalSection
	GlobalSection(ProjectConfigurationPlatforms) = postSolution
		{F49565C7-BF80-42BF-A39B-3EC73DC115EE}.Debug|Any CPU.ActiveCfg = Debug|Any CPU
		{F49565C7-BF80-42BF-A39B-3EC73DC115EE}.Debug|Any CPU.Build.0 = Debug|Any CPU
		{F49565C7-BF80-42BF-A39B-3EC73DC115EE}.Release|Any CPU.ActiveCfg = Release|Any CPU
		{F49565C7-BF80-42BF-A39B-3EC73DC115EE}.Release|Any CPU.Build.0 = Release|Any CPU
	EndGlobalSection
	GlobalSection(SolutionProperties) = preSolution
		HideSolutionNode = FALSE
	EndGlobalSection
	GlobalSection(ExtensibilityGlobals) = postSolution
		SolutionGuid = {071D3046-6D6B-4797-831E-CD88F3C7F079}
	EndGlobalSection
EndGlobal
